// !$*UTF8*$!
{
	archiveVersion = 1;
	classes = {
	};
	objectVersion = 46;
	objects = {

/* Begin PBXBuildFile section */
		684DEC441B2E7BEC00D5C157 /* main.m in Sources */ = {isa = PBXBuildFile; fileRef = 684DEC431B2E7BEC00D5C157 /* main.m */; };
		684DEC471B2E7BEC00D5C157 /* AppDelegate.m in Sources */ = {isa = PBXBuildFile; fileRef = 684DEC461B2E7BEC00D5C157 /* AppDelegate.m */; };
		684DEC4A1B2E7BEC00D5C157 /* ViewController.m in Sources */ = {isa = PBXBuildFile; fileRef = 684DEC491B2E7BEC00D5C157 /* ViewController.m */; };
		684DEC4D1B2E7BEC00D5C157 /* Main.storyboard in Resources */ = {isa = PBXBuildFile; fileRef = 684DEC4B1B2E7BEC00D5C157 /* Main.storyboard */; };
		684DEC4F1B2E7BEC00D5C157 /* Images.xcassets in Resources */ = {isa = PBXBuildFile; fileRef = 684DEC4E1B2E7BEC00D5C157 /* Images.xcassets */; };
		684DEC521B2E7BEC00D5C157 /* LaunchScreen.xib in Resources */ = {isa = PBXBuildFile; fileRef = 684DEC501B2E7BEC00D5C157 /* LaunchScreen.xib */; };
		684DEC5E1B2E7BEC00D5C157 /* Test__DynamicTests.m in Sources */ = {isa = PBXBuildFile; fileRef = 684DEC5D1B2E7BEC00D5C157 /* Test__DynamicTests.m */; };
		684DEC691B2E7C0E00D5C157 /* PHDynamicObject.m in Sources */ = {isa = PBXBuildFile; fileRef = 684DEC681B2E7C0E00D5C157 /* PHDynamicObject.m */; };
		684DEC6C1B2E97CC00D5C157 /* Config.m in Sources */ = {isa = PBXBuildFile; fileRef = 684DEC6B1B2E97CC00D5C157 /* Config.m */; };
		684DEC711B2EB3F900D5C157 /* User.m in Sources */ = {isa = PBXBuildFile; fileRef = 684DEC701B2EB3F900D5C157 /* User.m */; };
/* End PBXBuildFile section */

/* Begin PBXContainerItemProxy section */
		684DEC581B2E7BEC00D5C157 /* PBXContainerItemProxy */ = {
			isa = PBXContainerItemProxy;
			containerPortal = 684DEC361B2E7BEC00D5C157 /* Project object */;
			proxyType = 1;
			remoteGlobalIDString = 684DEC3D1B2E7BEC00D5C157;
			remoteInfo = "Test @Dynamic";
		};
/* End PBXContainerItemProxy section */

/* Begin PBXFileReference section */
		684DEC3E1B2E7BEC00D5C157 /* Test @Dynamic.app */ = {isa = PBXFileReference; explicitFileType = wrapper.application; includeInIndex = 0; path = "Test @Dynamic.app"; sourceTree = BUILT_PRODUCTS_DIR; };
		684DEC421B2E7BEC00D5C157 /* Info.plist */ = {isa = PBXFileReference; lastKnownFileType = text.plist.xml; path = Info.plist; sourceTree = "<group>"; };
		684DEC431B2E7BEC00D5C157 /* main.m */ = {isa = PBXFileReference; lastKnownFileType = sourcecode.c.objc; path = main.m; sourceTree = "<group>"; };
		684DEC451B2E7BEC00D5C157 /* AppDelegate.h */ = {isa = PBXFileReference; lastKnownFileType = sourcecode.c.h; path = AppDelegate.h; sourceTree = "<group>"; };
		684DEC461B2E7BEC00D5C157 /* AppDelegate.m */ = {isa = PBXFileReference; lastKnownFileType = sourcecode.c.objc; path = AppDelegate.m; sourceTree = "<group>"; };
		684DEC481B2E7BEC00D5C157 /* ViewController.h */ = {isa = PBXFileReference; lastKnownFileType = sourcecode.c.h; path = ViewController.h; sourceTree = "<group>"; };
		684DEC491B2E7BEC00D5C157 /* ViewController.m */ = {isa = PBXFileReference; lastKnownFileType = sourcecode.c.objc; path = ViewController.m; sourceTree = "<group>"; };
		684DEC4C1B2E7BEC00D5C157 /* Base */ = {isa = PBXFileReference; lastKnownFileType = file.storyboard; name = Base; path = Base.lproj/Main.storyboard; sourceTree = "<group>"; };
		684DEC4E1B2E7BEC00D5C157 /* Images.xcassets */ = {isa = PBXFileReference; lastKnownFileType = folder.assetcatalog; path = Images.xcassets; sourceTree = "<group>"; };
		684DEC511B2E7BEC00D5C157 /* Base */ = {isa = PBXFileReference; lastKnownFileType = file.xib; name = Base; path = Base.lproj/LaunchScreen.xib; sourceTree = "<group>"; };
		684DEC571B2E7BEC00D5C157 /* Test @DynamicTests.xctest */ = {isa = PBXFileReference; explicitFileType = wrapper.cfbundle; includeInIndex = 0; path = "Test @DynamicTests.xctest"; sourceTree = BUILT_PRODUCTS_DIR; };
		684DEC5C1B2E7BEC00D5C157 /* Info.plist */ = {isa = PBXFileReference; lastKnownFileType = text.plist.xml; path = Info.plist; sourceTree = "<group>"; };
		684DEC5D1B2E7BEC00D5C157 /* Test__DynamicTests.m */ = {isa = PBXFileReference; lastKnownFileType = sourcecode.c.objc; path = Test__DynamicTests.m; sourceTree = "<group>"; };
		684DEC671B2E7C0E00D5C157 /* PHDynamicObject.h */ = {isa = PBXFileReference; fileEncoding = 4; lastKnownFileType = sourcecode.c.h; path = PHDynamicObject.h; sourceTree = "<group>"; };
		684DEC681B2E7C0E00D5C157 /* PHDynamicObject.m */ = {isa = PBXFileReference; fileEncoding = 4; lastKnownFileType = sourcecode.c.objc; path = PHDynamicObject.m; sourceTree = "<group>"; };
		684DEC6A1B2E97CC00D5C157 /* Config.h */ = {isa = PBXFileReference; fileEncoding = 4; lastKnownFileType = sourcecode.c.h; path = Config.h; sourceTree = "<group>"; };
		684DEC6B1B2E97CC00D5C157 /* Config.m */ = {isa = PBXFileReference; fileEncoding = 4; lastKnownFileType = sourcecode.c.objc; path = Config.m; sourceTree = "<group>"; };
		684DEC6F1B2EB3F900D5C157 /* User.h */ = {isa = PBXFileReference; fileEncoding = 4; lastKnownFileType = sourcecode.c.h; path = User.h; sourceTree = "<group>"; };
		684DEC701B2EB3F900D5C157 /* User.m */ = {isa = PBXFileReference; fileEncoding = 4; lastKnownFileType = sourcecode.c.objc; path = User.m; sourceTree = "<group>"; };
/* End PBXFileReference section */

/* Begin PBXFrameworksBuildPhase section */
		684DEC3B1B2E7BEC00D5C157 /* Frameworks */ = {
			isa = PBXFrameworksBuildPhase;
			buildActionMask = 2147483647;
			files = (
			);
			runOnlyForDeploymentPostprocessing = 0;
		};
		684DEC541B2E7BEC00D5C157 /* Frameworks */ = {
			isa = PBXFrameworksBuildPhase;
			buildActionMask = 2147483647;
			files = (
			);
			runOnlyForDeploymentPostprocessing = 0;
		};
/* End PBXFrameworksBuildPhase section */

/* Begin PBXGroup section */
		684DEC351B2E7BEC00D5C157 = {
			isa = PBXGroup;
			children = (
				684DEC401B2E7BEC00D5C157 /* Test @Dynamic */,
				684DEC5A1B2E7BEC00D5C157 /* Test @DynamicTests */,
				684DEC3F1B2E7BEC00D5C157 /* Products */,
			);
			sourceTree = "<group>";
		};
		684DEC3F1B2E7BEC00D5C157 /* Products */ = {
			isa = PBXGroup;
			children = (
				684DEC3E1B2E7BEC00D5C157 /* Test @Dynamic.app */,
				684DEC571B2E7BEC00D5C157 /* Test @DynamicTests.xctest */,
			);
			name = Products;
			sourceTree = "<group>";
		};
		684DEC401B2E7BEC00D5C157 /* Test @Dynamic */ = {
			isa = PBXGroup;
			children = (
				684DEC6D1B2EB3B100D5C157 /* PHDynamicObject */,
				684DEC6E1B2EB3DC00D5C157 /* Example */,
				684DEC451B2E7BEC00D5C157 /* AppDelegate.h */,
				684DEC461B2E7BEC00D5C157 /* AppDelegate.m */,
				684DEC481B2E7BEC00D5C157 /* ViewController.h */,
				684DEC491B2E7BEC00D5C157 /* ViewController.m */,
				684DEC4B1B2E7BEC00D5C157 /* Main.storyboard */,
				684DEC4E1B2E7BEC00D5C157 /* Images.xcassets */,
				684DEC501B2E7BEC00D5C157 /* LaunchScreen.xib */,
				684DEC411B2E7BEC00D5C157 /* Supporting Files */,
			);
			path = "Test @Dynamic";
			sourceTree = "<group>";
		};
		684DEC411B2E7BEC00D5C157 /* Supporting Files */ = {
			isa = PBXGroup;
			children = (
				684DEC421B2E7BEC00D5C157 /* Info.plist */,
				684DEC431B2E7BEC00D5C157 /* main.m */,
			);
			name = "Supporting Files";
			sourceTree = "<group>";
		};
		684DEC5A1B2E7BEC00D5C157 /* Test @DynamicTests */ = {
			isa = PBXGroup;
			children = (
				684DEC5D1B2E7BEC00D5C157 /* Test__DynamicTests.m */,
				684DEC5B1B2E7BEC00D5C157 /* Supporting Files */,
			);
			path = "Test @DynamicTests";
			sourceTree = "<group>";
		};
		684DEC5B1B2E7BEC00D5C157 /* Supporting Files */ = {
			isa = PBXGroup;
			children = (
				684DEC5C1B2E7BEC00D5C157 /* Info.plist */,
			);
			name = "Supporting Files";
			sourceTree = "<group>";
		};
		684DEC6D1B2EB3B100D5C157 /* PHDynamicObject */ = {
			isa = PBXGroup;
			children = (
				684DEC671B2E7C0E00D5C157 /* PHDynamicObject.h */,
				684DEC681B2E7C0E00D5C157 /* PHDynamicObject.m */,
			);
			name = PHDynamicObject;
			sourceTree = "<group>";
		};
		684DEC6E1B2EB3DC00D5C157 /* Example */ = {
			isa = PBXGroup;
			children = (
				684DEC721B2EBE8000D5C157 /* Example1(Config.h) */,
				684DEC731B2EBE8600D5C157 /* Example2(User.h) */,
			);
			name = Example;
			sourceTree = "<group>";
		};
		684DEC721B2EBE8000D5C157 /* Example1(Config.h) */ = {
			isa = PBXGroup;
			children = (
				684DEC6A1B2E97CC00D5C157 /* Config.h */,
				684DEC6B1B2E97CC00D5C157 /* Config.m */,
			);
			name = "Example1(Config.h)";
			sourceTree = "<group>";
		};
		684DEC731B2EBE8600D5C157 /* Example2(User.h) */ = {
			isa = PBXGroup;
			children = (
				684DEC6F1B2EB3F900D5C157 /* User.h */,
				684DEC701B2EB3F900D5C157 /* User.m */,
			);
			name = "Example2(User.h)";
			sourceTree = "<group>";
		};
/* End PBXGroup section */

/* Begin PBXNativeTarget section */
		684DEC3D1B2E7BEC00D5C157 /* Test @Dynamic */ = {
			isa = PBXNativeTarget;
			buildConfigurationList = 684DEC611B2E7BEC00D5C157 /* Build configuration list for PBXNativeTarget "Test @Dynamic" */;
			buildPhases = (
				684DEC3A1B2E7BEC00D5C157 /* Sources */,
				684DEC3B1B2E7BEC00D5C157 /* Frameworks */,
				684DEC3C1B2E7BEC00D5C157 /* Resources */,
			);
			buildRules = (
			);
			dependencies = (
			);
			name = "Test @Dynamic";
			productName = "Test @Dynamic";
			productReference = 684DEC3E1B2E7BEC00D5C157 /* Test @Dynamic.app */;
			productType = "com.apple.product-type.application";
		};
		684DEC561B2E7BEC00D5C157 /* Test @DynamicTests */ = {
			isa = PBXNativeTarget;
			buildConfigurationList = 684DEC641B2E7BEC00D5C157 /* Build configuration list for PBXNativeTarget "Test @DynamicTests" */;
			buildPhases = (
				684DEC531B2E7BEC00D5C157 /* Sources */,
				684DEC541B2E7BEC00D5C157 /* Frameworks */,
				684DEC551B2E7BEC00D5C157 /* Resources */,
			);
			buildRules = (
			);
			dependencies = (
				684DEC591B2E7BEC00D5C157 /* PBXTargetDependency */,
			);
			name = "Test @DynamicTests";
			productName = "Test @DynamicTests";
			productReference = 684DEC571B2E7BEC00D5C157 /* Test @DynamicTests.xctest */;
			productType = "com.apple.product-type.bundle.unit-test";
		};
/* End PBXNativeTarget section */

/* Begin PBXProject section */
		684DEC361B2E7BEC00D5C157 /* Project object */ = {
			isa = PBXProject;
			attributes = {
				LastUpgradeCheck = 0630;
				ORGANIZATIONNAME = "Phil Cai";
				TargetAttributes = {
					684DEC3D1B2E7BEC00D5C157 = {
						CreatedOnToolsVersion = 6.3.1;
					};
					684DEC561B2E7BEC00D5C157 = {
						CreatedOnToolsVersion = 6.3.1;
						TestTargetID = 684DEC3D1B2E7BEC00D5C157;
					};
				};
			};
			buildConfigurationList = 684DEC391B2E7BEC00D5C157 /* Build configuration list for PBXProject "Test @Dynamic" */;
			compatibilityVersion = "Xcode 3.2";
			developmentRegion = English;
			hasScannedForEncodings = 0;
			knownRegions = (
				en,
				Base,
			);
			mainGroup = 684DEC351B2E7BEC00D5C157;
			productRefGroup = 684DEC3F1B2E7BEC00D5C157 /* Products */;
			projectDirPath = "";
			projectRoot = "";
			targets = (
				684DEC3D1B2E7BEC00D5C157 /* Test @Dynamic */,
				684DEC561B2E7BEC00D5C157 /* Test @DynamicTests */,
			);
		};
/* End PBXProject section */

/* Begin PBXResourcesBuildPhase section */
		684DEC3C1B2E7BEC00D5C157 /* Resources */ = {
			isa = PBXResourcesBuildPhase;
			buildActionMask = 2147483647;
			files = (
				684DEC4D1B2E7BEC00D5C157 /* Main.storyboard in Resources */,
				684DEC521B2E7BEC00D5C157 /* LaunchScreen.xib in Resources */,
				684DEC4F1B2E7BEC00D5C157 /* Images.xcassets in Resources */,
			);
			runOnlyForDeploymentPostprocessing = 0;
		};
		684DEC551B2E7BEC00D5C157 /* Resources */ = {
			isa = PBXResourcesBuildPhase;
			buildActionMask = 2147483647;
			files = (
			);
			runOnlyForDeploymentPostprocessing = 0;
		};
/* End PBXResourcesBuildPhase section */

/* Begin PBXSourcesBuildPhase section */
		684DEC3A1B2E7BEC00D5C157 /* Sources */ = {
			isa = PBXSourcesBuildPhase;
			buildActionMask = 2147483647;
			files = (
				684DEC6C1B2E97CC00D5C157 /* Config.m in Sources */,
				684DEC691B2E7C0E00D5C157 /* PHDynamicObject.m in Sources */,
				684DEC711B2EB3F900D5C157 /* User.m in Sources */,
				684DEC4A1B2E7BEC00D5C157 /* ViewController.m in Sources */,
				684DEC471B2E7BEC00D5C157 /* AppDelegate.m in Sources */,
				684DEC441B2E7BEC00D5C157 /* main.m in Sources */,
			);
			runOnlyForDeploymentPostprocessing = 0;
		};
		684DEC531B2E7BEC00D5C157 /* Sources */ = {
			isa = PBXSourcesBuildPhase;
			buildActionMask = 2147483647;
			files = (
				684DEC5E1B2E7BEC00D5C157 /* Test__DynamicTests.m in Sources */,
			);
			runOnlyForDeploymentPostprocessing = 0;
		};
/* End PBXSourcesBuildPhase section */

/* Begin PBXTargetDependency section */
		684DEC591B2E7BEC00D5C157 /* PBXTargetDependency */ = {
			isa = PBXTargetDependency;
			target = 684DEC3D1B2E7BEC00D5C157 /* Test @Dynamic */;
			targetProxy = 684DEC581B2E7BEC00D5C157 /* PBXContainerItemProxy */;
		};
/* End PBXTargetDependency section */

/* Begin PBXVariantGroup section */
		684DEC4B1B2E7BEC00D5C157 /* Main.storyboard */ = {
			isa = PBXVariantGroup;
			children = (
				684DEC4C1B2E7BEC00D5C157 /* Base */,
			);
			name = Main.storyboard;
			sourceTree = "<group>";
		};
		684DEC501B2E7BEC00D5C157 /* LaunchScreen.xib */ = {
			isa = PBXVariantGroup;
			children = (
				684DEC511B2E7BEC00D5C157 /* Base */,
			);
			name = LaunchScreen.xib;
			sourceTree = "<group>";
		};
/* End PBXVariantGroup section */

/* Begin XCBuildConfiguration section */
		684DEC5F1B2E7BEC00D5C157 /* Debug */ = {
			isa = XCBuildConfiguration;
			buildSettings = {
				ALWAYS_SEARCH_USER_PATHS = NO;
				CLANG_CXX_LANGUAGE_STANDARD = "gnu++0x";
				CLANG_CXX_LIBRARY = "libc++";
				CLANG_ENABLE_MODULES = YES;
				CLANG_ENABLE_OBJC_ARC = YES;
				CLANG_WARN_BOOL_CONVERSION = YES;
				CLANG_WARN_CONSTANT_CONVERSION = YES;
				CLANG_WARN_DIRECT_OBJC_ISA_USAGE = YES_ERROR;
				CLANG_WARN_EMPTY_BODY = YES;
				CLANG_WARN_ENUM_CONVERSION = YES;
				CLANG_WARN_INT_CONVERSION = YES;
				CLANG_WARN_OBJC_ROOT_CLASS = YES_ERROR;
				CLANG_WARN_UNREACHABLE_CODE = YES;
				CLANG_WARN__DUPLICATE_METHOD_MATCH = YES;
				"CODE_SIGN_IDENTITY[sdk=iphoneos*]" = "iPhone Developer";
				COPY_PHASE_STRIP = NO;
				DEBUG_INFORMATION_FORMAT = "dwarf-with-dsym";
				ENABLE_STRICT_OBJC_MSGSEND = NO;
				GCC_C_LANGUAGE_STANDARD = gnu99;
				GCC_DYNAMIC_NO_PIC = NO;
				GCC_NO_COMMON_BLOCKS = YES;
				GCC_OPTIMIZATION_LEVEL = 0;
				GCC_PREPROCESSOR_DEFINITIONS = (
					"DEBUG=1",
					"$(inherited)",
				);
				GCC_SYMBOLS_PRIVATE_EXTERN = NO;
				GCC_WARN_64_TO_32_BIT_CONVERSION = YES;
				GCC_WARN_ABOUT_RETURN_TYPE = YES_ERROR;
				GCC_WARN_UNDECLARED_SELECTOR = YES;
				GCC_WARN_UNINITIALIZED_AUTOS = YES_AGGRESSIVE;
				GCC_WARN_UNUSED_FUNCTION = YES;
				GCC_WARN_UNUSED_VARIABLE = YES;
				IPHONEOS_DEPLOYMENT_TARGET = 8.3;
				MTL_ENABLE_DEBUG_INFO = YES;
				ONLY_ACTIVE_ARCH = YES;
				SDKROOT = iphoneos;
				TARGETED_DEVICE_FAMILY = "1,2";
			};
			name = Debug;
		};
		684DEC601B2E7BEC00D5C157 /* Release */ = {
			isa = XCBuildConfiguration;
			buildSettings = {
				ALWAYS_SEARCH_USER_PATHS = NO;
				CLANG_CXX_LANGUAGE_STANDARD = "gnu++0x";
				CLANG_CXX_LIBRARY = "libc++";
				CLANG_ENABLE_MODULES = YES;
				CLANG_ENABLE_OBJC_ARC = YES;
				CLANG_WARN_BOOL_CONVERSION = YES;
				CLANG_WARN_CONSTANT_CONVERSION = YES;
				CLANG_WARN_DIRECT_OBJC_ISA_USAGE = YES_ERROR;
				CLANG_WARN_EMPTY_BODY = YES;
				CLANG_WARN_ENUM_CONVERSION = YES;
				CLANG_WARN_INT_CONVERSION = YES;
				CLANG_WARN_OBJC_ROOT_CLASS = YES_ERROR;
				CLANG_WARN_UNREACHABLE_CODE = YES;
				CLANG_WARN__DUPLICATE_METHOD_MATCH = YES;
				"CODE_SIGN_IDENTITY[sdk=iphoneos*]" = "iPhone Developer";
				COPY_PHASE_STRIP = NO;
				DEBUG_INFORMATION_FORMAT = "dwarf-with-dsym";
				ENABLE_NS_ASSERTIONS = NO;
				ENABLE_STRICT_OBJC_MSGSEND = NO;
				GCC_C_LANGUAGE_STANDARD = gnu99;
				GCC_NO_COMMON_BLOCKS = YES;
				GCC_WARN_64_TO_32_BIT_CONVERSION = YES;
				GCC_WARN_ABOUT_RETURN_TYPE = YES_ERROR;
				GCC_WARN_UNDECLARED_SELECTOR = YES;
				GCC_WARN_UNINITIALIZED_AUTOS = YES_AGGRESSIVE;
				GCC_WARN_UNUSED_FUNCTION = YES;
				GCC_WARN_UNUSED_VARIABLE = YES;
				IPHONEOS_DEPLOYMENT_TARGET = 8.3;
				MTL_ENABLE_DEBUG_INFO = NO;
				SDKROOT = iphoneos;
				TARGETED_DEVICE_FAMILY = "1,2";
				VALIDATE_PRODUCT = YES;
			};
			name = Release;
		};
		684DEC621B2E7BEC00D5C157 /* Debug */ = {
			isa = XCBuildConfiguration;
			buildSettings = {
				ASSETCATALOG_COMPILER_APPICON_NAME = AppIcon;
				INFOPLIST_FILE = "Test @Dynamic/Info.plist";
				LD_RUNPATH_SEARCH_PATHS = "$(inherited) @executable_path/Frameworks";
				PRODUCT_NAME = "$(TARGET_NAME)";
			};
			name = Debug;
		};
		684DEC631B2E7BEC00D5C157 /* Release */ = {
			isa = XCBuildConfiguration;
			buildSettings = {
				ASSETCATALOG_COMPILER_APPICON_NAME = AppIcon;
				INFOPLIST_FILE = "Test @Dynamic/Info.plist";
				LD_RUNPATH_SEARCH_PATHS = "$(inherited) @executable_path/Frameworks";
				PRODUCT_NAME = "$(TARGET_NAME)";
			};
			name = Release;
		};
		684DEC651B2E7BEC00D5C157 /* Debug */ = {
			isa = XCBuildConfiguration;
			buildSettings = {
				BUNDLE_LOADER = "$(TEST_HOST)";
				FRAMEWORK_SEARCH_PATHS = (
					"$(SDKROOT)/Developer/Library/Frameworks",
					"$(inherited)",
				);
				GCC_PREPROCESSOR_DEFINITIONS = (
					"DEBUG=1",
					"$(inherited)",
				);
				INFOPLIST_FILE = "Test @DynamicTests/Info.plist";
				LD_RUNPATH_SEARCH_PATHS = "$(inherited) @executable_path/Frameworks @loader_path/Frameworks";
				PRODUCT_NAME = "$(TARGET_NAME)";
				TEST_HOST = "$(BUILT_PRODUCTS_DIR)/Test @Dynamic.app/Test @Dynamic";
			};
			name = Debug;
		};
		684DEC661B2E7BEC00D5C157 /* Release */ = {
			isa = XCBuildConfiguration;
			buildSettings = {
				BUNDLE_LOADER = "$(TEST_HOST)";
				FRAMEWORK_SEARCH_PATHS = (
					"$(SDKROOT)/Developer/Library/Frameworks",
					"$(inherited)",
				);
				INFOPLIST_FILE = "Test @DynamicTests/Info.plist";
				LD_RUNPATH_SEARCH_PATHS = "$(inherited) @executable_path/Frameworks @loader_path/Frameworks";
				PRODUCT_NAME = "$(TARGET_NAME)";
				TEST_HOST = "$(BUILT_PRODUCTS_DIR)/Test @Dynamic.app/Test @Dynamic";
			};
			name = Release;
		};
/* End XCBuildConfiguration section */

/* Begin XCConfigurationList section */
		684DEC391B2E7BEC00D5C157 /* Build configuration list for PBXProject "Test @Dynamic" */ = {
			isa = XCConfigurationList;
			buildConfigurations = (
				684DEC5F1B2E7BEC00D5C157 /* Debug */,
				684DEC601B2E7BEC00D5C157 /* Release */,
			);
			defaultConfigurationIsVisible = 0;
			defaultConfigurationName = Release;
		};
		684DEC611B2E7BEC00D5C157 /* Build configuration list for PBXNativeTarget "Test @Dynamic" */ = {
			isa = XCConfigurationList;
			buildConfigurations = (
				684DEC621B2E7BEC00D5C157 /* Debug */,
				684DEC631B2E7BEC00D5C157 /* Release */,
			);
			defaultConfigurationIsVisible = 0;
		};
		684DEC641B2E7BEC00D5C157 /* Build configuration list for PBXNativeTarget "Test @DynamicTests" */ = {
			isa = XCConfigurationList;
			buildConfigurations = (
				684DEC651B2E7BEC00D5C157 /* Debug */,
				684DEC661B2E7BEC00D5C157 /* Release */,
			);
			defaultConfigurationIsVisible = 0;
		};
/* End XCConfigurationList section */
	};
	rootObject = 684DEC361B2E7BEC00D5C157 /* Project object */;
}
